
Microsoft Visual Studio Solution File, Format Version 12.00
# Visual Studio Version 16
VisualStudioVersion = 16.0.29306.81
MinimumVisualStudioVersion = 10.0.40219.1
Project("{FAE04EC0-301F-11D3-BF4B-00C04F79EFBC}") = "Contrastor", "Contrastor.csproj", "{1EA257E8-5F86-4B40-8E89-8E32B9647F37}"
EndProject
Global
	GlobalSection(SolutionConfigurationPlatforms) = preSolution
		Debug|Any CPU = Debug|Any CPU
		Release|Any CPU = Release|Any CPU
	EndGlobalSection
	GlobalSection(ProjectConfigurationPlatforms) = postSolution
		{1EA257E8-5F86-4B40-8E89-8E32B9647F37}.Debug|Any CPU.ActiveCfg = Debug|Any CPU
		{1EA257E8-5F86-4B40-8E89-8E32B9647F37}.Debug|Any CPU.Build.0 = Debug|Any CPU
		{1EA257E8-5F86-4B40-8E89-8E32B9647F37}.Release|Any CPU.ActiveCfg = Release|Any CPU
		{1EA257E8-5F86-4B40-8E89-8E32B9647F37}.Release|Any CPU.Build.0 = Release|Any CPU
	EndGlobalSection
	GlobalSection(SolutionProperties) = preSolution
		HideSolutionNode = FALSE
	EndGlobalSection
	GlobalSection(ExtensibilityGlobals) = postSolution
		SolutionGuid = {813BE5CD-7FFB-4102-B4BA-3E8EE15071DC}
	EndGlobalSection
EndGlobal
